{
  "name": "Atlas-Dashboard",
  "lockfileVersion": 3,
  "requires": true,
  "packages": {
    "": {
      "dependencies": {
        "arc-text": "^1.0.1",
        "bootstrap-icons": "^1.11.3",
        "circletype": "^2.3.0",
        "jquery": "^3.7.1"
      }
    },
    "node_modules/arc-text": {
      "version": "1.0.1",
      "resolved": "https://registry.npmjs.org/arc-text/-/arc-text-1.0.1.tgz",
      "integrity": "sha512-cnK4gxPY2qm4PWdzA0PS2JkPEq1kSTgc04vLKuY0srOQNqfpSlFqJ4zalELeUPT+L5NXufHACCr8lsvgj4hnvQ==",
      "deprecated": "Package no longer supported. Contact Support at https://www.npmjs.com/support for more info.",
      "engines": {
        "node": ">=6.0.0"
      }
    },
    "node_modules/bootstrap-icons": {
      "version": "1.11.3",
      "resolved": "https://registry.npmjs.org/bootstrap-icons/-/bootstrap-icons-1.11.3.tgz",
      "integrity": "sha512-+3lpHrCw/it2/7lBL15VR0HEumaBss0+f/Lb6ZvHISn1mlK83jjFpooTLsMWbIjJMDjDjOExMsTxnXSIT4k4ww==",
      "funding": [
        {
          "type": "github",
          "url": "https://github.com/sponsors/twbs"
        },
        {
          "type": "opencollective",
          "url": "https://opencollective.com/bootstrap"
        }
      ]
    },
    "node_modules/circletype": {
      "version": "2.3.0",
      "resolved": "https://registry.npmjs.org/circletype/-/circletype-2.3.0.tgz",
      "integrity": "sha512-bg+aWmtljs6K2LNIoPg6NqHY5vUdTHtD2GH7snwdouRUmJVDtqfrXnZf7ZUH+PUs0Yz6tmZfG7TDMUMPk86bXg==",
      "dependencies": {
        "core-js": "^2.5.6"
      }
    },
    "node_modules/core-js": {
      "version": "2.6.12",
      "resolved": "https://registry.npmjs.org/core-js/-/core-js-2.6.12.tgz",
      "integrity": "sha512-Kb2wC0fvsWfQrgk8HU5lW6U/Lcs8+9aaYcy4ZFc6DDlo4nZ7n70dEgE5rtR0oG6ufKDUnrwfWL1mXR5ljDatrQ==",
      "deprecated": "core-js@<3.23.3 is no longer maintained and not recommended for usage due to the number of issues. Because of the V8 engine whims, feature detection in old core-js versions could cause a slowdown up to 100x even if nothing is polyfilled. Some versions have web compatibility issues. Please, upgrade your dependencies to the actual version of core-js.",
      "hasInstallScript": true
    },
    "node_modules/jquery": {
      "version": "3.7.1",
      "resolved": "https://registry.npmjs.org/jquery/-/jquery-3.7.1.tgz",
      "integrity": "sha512-m4avr8yL8kmFN8psrbFFFmB/If14iN5o9nw/NgnnM+kybDJpRsAynV2BsfpTYrTRysYUdADVD7CkUUizgkpLfg=="
    }
  }
}
